
Microsoft Visual Studio Solution File, Format Version 12.00
# Visual Studio Version 17
VisualStudioVersion = 17.14.36623.8 d17.14
MinimumVisualStudioVersion = 10.0.40219.1
Project("{54A90642-561A-4BB1-A94E-469ADEE60C69}") = "net_reactapp2.client", "net_reactapp2.client\net_reactapp2.client.esproj", "{8E3CAED0-4D29-524A-0124-4FB9809A78C6}"
EndProject
Project("{FAE04EC0-301F-11D3-BF4B-00C04F79EFBC}") = "Net_ReactApp2.Server", "Net_ReactApp2.Server\Net_ReactApp2.Server.csproj", "{57FDF253-3B65-49E4-A9A7-6965C93E5E9B}"
EndProject
Global
	GlobalSection(SolutionConfigurationPlatforms) = preSolution
		Debug|Any CPU = Debug|Any CPU
		Release|Any CPU = Release|Any CPU
	EndGlobalSection
	GlobalSection(ProjectConfigurationPlatforms) = postSolution
		{8E3CAED0-4D29-524A-0124-4FB9809A78C6}.Debug|Any CPU.ActiveCfg = Debug|Any CPU
		{8E3CAED0-4D29-524A-0124-4FB9809A78C6}.Debug|Any CPU.Build.0 = Debug|Any CPU
		{8E3CAED0-4D29-524A-0124-4FB9809A78C6}.Debug|Any CPU.Deploy.0 = Debug|Any CPU
		{8E3CAED0-4D29-524A-0124-4FB9809A78C6}.Release|Any CPU.ActiveCfg = Release|Any CPU
		{8E3CAED0-4D29-524A-0124-4FB9809A78C6}.Release|Any CPU.Build.0 = Release|Any CPU
		{8E3CAED0-4D29-524A-0124-4FB9809A78C6}.Release|Any CPU.Deploy.0 = Release|Any CPU
		{57FDF253-3B65-49E4-A9A7-6965C93E5E9B}.Debug|Any CPU.ActiveCfg = Debug|Any CPU
		{57FDF253-3B65-49E4-A9A7-6965C93E5E9B}.Debug|Any CPU.Build.0 = Debug|Any CPU
		{57FDF253-3B65-49E4-A9A7-6965C93E5E9B}.Release|Any CPU.ActiveCfg = Release|Any CPU
		{57FDF253-3B65-49E4-A9A7-6965C93E5E9B}.Release|Any CPU.Build.0 = Release|Any CPU
	EndGlobalSection
	GlobalSection(SolutionProperties) = preSolution
		HideSolutionNode = FALSE
	EndGlobalSection
	GlobalSection(ExtensibilityGlobals) = postSolution
		SolutionGuid = {D2A408D7-9460-4AC3-BE5F-B9D0317EE967}
	EndGlobalSection
EndGlobal
